
Microsoft Visual Studio Solution File, Format Version 12.00
# Visual Studio Version 16
VisualStudioVersion = 16.0.31019.35
MinimumVisualStudioVersion = 10.0.40219.1
Project("{FAE04EC0-301F-11D3-BF4B-00C04F79EFBC}") = "BarBeer", "BarBeer\BarBeer.csproj", "{FFB2A0A2-0071-47C6-81B7-062EB491CD97}"
EndProject
Global
	GlobalSection(SolutionConfigurationPlatforms) = preSolution
		Debug|Any CPU = Debug|Any CPU
		Release|Any CPU = Release|Any CPU
	EndGlobalSection
	GlobalSection(ProjectConfigurationPlatforms) = postSolution
		{FFB2A0A2-0071-47C6-81B7-062EB491CD97}.Debug|Any CPU.ActiveCfg = Debug|Any CPU
		{FFB2A0A2-0071-47C6-81B7-062EB491CD97}.Debug|Any CPU.Build.0 = Debug|Any CPU
		{FFB2A0A2-0071-47C6-81B7-062EB491CD97}.Release|Any CPU.ActiveCfg = Release|Any CPU
		{FFB2A0A2-0071-47C6-81B7-062EB491CD97}.Release|Any CPU.Build.0 = Release|Any CPU
	EndGlobalSection
	GlobalSection(SolutionProperties) = preSolution
		HideSolutionNode = FALSE
	EndGlobalSection
	GlobalSection(ExtensibilityGlobals) = postSolution
		SolutionGuid = {75932B48-BB36-4FF7-807D-904977864126}
	EndGlobalSection
EndGlobal
